
Microsoft Visual Studio Solution File, Format Version 12.00
# Visual Studio Version 17
VisualStudioVersion = 17.9.34728.123
MinimumVisualStudioVersion = 10.0.40219.1
Project("{9A19103F-16F7-4668-BE54-9A1E7A4F7556}") = "Company.Codex.PL", "Company.Codex.PL\Company.Codex.PL.csproj", "{B6EB13AD-D1B6-41C0-A037-4F73C8024522}"
EndProject
Project("{9A19103F-16F7-4668-BE54-9A1E7A4F7556}") = "Company.Codex.DAL", "Company.Codex.DAL\Company.Codex.DAL.csproj", "{AE1006B3-998E-4E14-B0BC-606F2178AC3B}"
EndProject
Project("{9A19103F-16F7-4668-BE54-9A1E7A4F7556}") = "Company.Codex.BLL", "Company.Codex.BLL\Company.Codex.BLL.csproj", "{62A8A12D-7D03-428E-9459-6A3F578AE91F}"
EndProject
Global
	GlobalSection(SolutionConfigurationPlatforms) = preSolution
		Debug|Any CPU = Debug|Any CPU
		Release|Any CPU = Release|Any CPU
	EndGlobalSection
	GlobalSection(ProjectConfigurationPlatforms) = postSolution
		{B6EB13AD-D1B6-41C0-A037-4F73C8024522}.Debug|Any CPU.ActiveCfg = Debug|Any CPU
		{B6EB13AD-D1B6-41C0-A037-4F73C8024522}.Debug|Any CPU.Build.0 = Debug|Any CPU
		{B6EB13AD-D1B6-41C0-A037-4F73C8024522}.Release|Any CPU.ActiveCfg = Release|Any CPU
		{B6EB13AD-D1B6-41C0-A037-4F73C8024522}.Release|Any CPU.Build.0 = Release|Any CPU
		{AE1006B3-998E-4E14-B0BC-606F2178AC3B}.Debug|Any CPU.ActiveCfg = Debug|Any CPU
		{AE1006B3-998E-4E14-B0BC-606F2178AC3B}.Debug|Any CPU.Build.0 = Debug|Any CPU
		{AE1006B3-998E-4E14-B0BC-606F2178AC3B}.Release|Any CPU.ActiveCfg = Release|Any CPU
		{AE1006B3-998E-4E14-B0BC-606F2178AC3B}.Release|Any CPU.Build.0 = Release|Any CPU
		{62A8A12D-7D03-428E-9459-6A3F578AE91F}.Debug|Any CPU.ActiveCfg = Debug|Any CPU
		{62A8A12D-7D03-428E-9459-6A3F578AE91F}.Debug|Any CPU.Build.0 = Debug|Any CPU
		{62A8A12D-7D03-428E-9459-6A3F578AE91F}.Release|Any CPU.ActiveCfg = Release|Any CPU
		{62A8A12D-7D03-428E-9459-6A3F578AE91F}.Release|Any CPU.Build.0 = Release|Any CPU
	EndGlobalSection
	GlobalSection(SolutionProperties) = preSolution
		HideSolutionNode = FALSE
	EndGlobalSection
	GlobalSection(ExtensibilityGlobals) = postSolution
		SolutionGuid = {517B5F5A-E41F-4A84-A238-F05819A0944C}
	EndGlobalSection
EndGlobal
